
Microsoft Visual Studio Solution File, Format Version 12.00
# Visual Studio Version 17
VisualStudioVersion = 17.7.34221.43
MinimumVisualStudioVersion = 10.0.40219.1
Project("{FAE04EC0-301F-11D3-BF4B-00C04F79EFBC}") = "TransportApp", "TransportApp\TransportApp.csproj", "{3919D5FE-A6AB-40FB-84B0-BA93DD0AD82F}"
EndProject
Global
	GlobalSection(SolutionConfigurationPlatforms) = preSolution
		Debug|Any CPU = Debug|Any CPU
		Release|Any CPU = Release|Any CPU
	EndGlobalSection
	GlobalSection(ProjectConfigurationPlatforms) = postSolution
		{3919D5FE-A6AB-40FB-84B0-BA93DD0AD82F}.Debug|Any CPU.ActiveCfg = Debug|Any CPU
		{3919D5FE-A6AB-40FB-84B0-BA93DD0AD82F}.Debug|Any CPU.Build.0 = Debug|Any CPU
		{3919D5FE-A6AB-40FB-84B0-BA93DD0AD82F}.Release|Any CPU.ActiveCfg = Release|Any CPU
		{3919D5FE-A6AB-40FB-84B0-BA93DD0AD82F}.Release|Any CPU.Build.0 = Release|Any CPU
	EndGlobalSection
	GlobalSection(SolutionProperties) = preSolution
		HideSolutionNode = FALSE
	EndGlobalSection
	GlobalSection(ExtensibilityGlobals) = postSolution
		SolutionGuid = {7F768B2F-6CA5-4945-9D97-058A7F1E976E}
	EndGlobalSection
EndGlobal
